
Microsoft Visual Studio Solution File, Format Version 12.00
# Visual Studio 15
VisualStudioVersion = 15.0.28307.902
MinimumVisualStudioVersion = 10.0.40219.1
Project("{FAE04EC0-301F-11D3-BF4B-00C04F79EFBC}") = "Service Desk", "Service Desk\Service Desk.csproj", "{344712CE-D2B9-486F-9F13-A446A69A378C}"
EndProject
Global
	GlobalSection(SolutionConfigurationPlatforms) = preSolution
		Debug|Any CPU = Debug|Any CPU
		Release|Any CPU = Release|Any CPU
	EndGlobalSection
	GlobalSection(ProjectConfigurationPlatforms) = postSolution
		{344712CE-D2B9-486F-9F13-A446A69A378C}.Debug|Any CPU.ActiveCfg = Debug|Any CPU
		{344712CE-D2B9-486F-9F13-A446A69A378C}.Debug|Any CPU.Build.0 = Debug|Any CPU
		{344712CE-D2B9-486F-9F13-A446A69A378C}.Release|Any CPU.ActiveCfg = Release|Any CPU
		{344712CE-D2B9-486F-9F13-A446A69A378C}.Release|Any CPU.Build.0 = Release|Any CPU
	EndGlobalSection
	GlobalSection(SolutionProperties) = preSolution
		HideSolutionNode = FALSE
	EndGlobalSection
	GlobalSection(ExtensibilityGlobals) = postSolution
		SolutionGuid = {6301834B-75D3-407E-8D44-7F473B902F8D}
	EndGlobalSection
EndGlobal
